
Microsoft Visual Studio Solution File, Format Version 12.00
# Visual Studio Version 16
VisualStudioVersion = 16.0.29306.81
MinimumVisualStudioVersion = 10.0.40219.1
Project("{FAE04EC0-301F-11D3-BF4B-00C04F79EFBC}") = "webEval", "webEval\webEval.csproj", "{27861B0A-A853-4BD8-9E1F-5EA71379C098}"
EndProject
Global
	GlobalSection(SolutionConfigurationPlatforms) = preSolution
		Debug|Any CPU = Debug|Any CPU
		Release|Any CPU = Release|Any CPU
	EndGlobalSection
	GlobalSection(ProjectConfigurationPlatforms) = postSolution
		{27861B0A-A853-4BD8-9E1F-5EA71379C098}.Debug|Any CPU.ActiveCfg = Debug|Any CPU
		{27861B0A-A853-4BD8-9E1F-5EA71379C098}.Debug|Any CPU.Build.0 = Debug|Any CPU
		{27861B0A-A853-4BD8-9E1F-5EA71379C098}.Release|Any CPU.ActiveCfg = Release|Any CPU
		{27861B0A-A853-4BD8-9E1F-5EA71379C098}.Release|Any CPU.Build.0 = Release|Any CPU
	EndGlobalSection
	GlobalSection(SolutionProperties) = preSolution
		HideSolutionNode = FALSE
	EndGlobalSection
	GlobalSection(ExtensibilityGlobals) = postSolution
		SolutionGuid = {B66ACBEA-1E90-44F3-9E3F-B7B68A4E7F2C}
	EndGlobalSection
EndGlobal
